
Microsoft Visual Studio Solution File, Format Version 12.00
# Visual Studio Version 17
VisualStudioVersion = 17.0.31903.59
MinimumVisualStudioVersion = 10.0.40219.1
Project("{2150E333-8FDC-42A3-9474-1A3956D46DE8}") = "src", "src", "{827E0CD3-B72D-47B6-A68D-7590B98EB39B}"
EndProject
Project("{FAE04EC0-301F-11D3-BF4B-00C04F79EFBC}") = "MortgageFlow.Domain", "src\MortgageFlow.Domain\MortgageFlow.Domain.csproj", "{586CF02D-0B40-4558-922E-7E0729A583B8}"
EndProject
Project("{FAE04EC0-301F-11D3-BF4B-00C04F79EFBC}") = "MortgageFlow.Application", "src\MortgageFlow.Application\MortgageFlow.Application.csproj", "{7755DC46-4321-4C89-BA19-062817D61B62}"
EndProject
Project("{FAE04EC0-301F-11D3-BF4B-00C04F79EFBC}") = "MortgageFlow.Infrastructure", "src\MortgageFlow.Infrastructure\MortgageFlow.Infrastructure.csproj", "{DD4626CF-D348-4F21-9F2D-D932BE63EB43}"
EndProject
Project("{FAE04EC0-301F-11D3-BF4B-00C04F79EFBC}") = "MortgageFlow.Api", "src\MortgageFlow.Api\MortgageFlow.Api.csproj", "{552413BD-5AEC-483E-86B0-93AE76AB7C8B}"
EndProject
Project("{2150E333-8FDC-42A3-9474-1A3956D46DE8}") = "tests", "tests", "{0AB3BF05-4346-4AA6-1389-037BE0695223}"
EndProject
Project("{FAE04EC0-301F-11D3-BF4B-00C04F79EFBC}") = "MortgageFlow.Domain.Tests", "tests\MortgageFlow.Domain.Tests\MortgageFlow.Domain.Tests.csproj", "{64B69BA4-9AB2-4A00-8B26-B5787A08F953}"
EndProject
Project("{FAE04EC0-301F-11D3-BF4B-00C04F79EFBC}") = "MortgageFlow.Api.IntegrationTests", "tests\MortgageFlow.Api.IntegrationTests\MortgageFlow.Api.IntegrationTests.csproj", "{E67D258A-3B82-43CE-A31D-FC0CF318D0FC}"
EndProject
Global
	GlobalSection(SolutionConfigurationPlatforms) = preSolution
		Debug|Any CPU = Debug|Any CPU
		Debug|x64 = Debug|x64
		Debug|x86 = Debug|x86
		Release|Any CPU = Release|Any CPU
		Release|x64 = Release|x64
		Release|x86 = Release|x86
	EndGlobalSection
	GlobalSection(ProjectConfigurationPlatforms) = postSolution
		{586CF02D-0B40-4558-922E-7E0729A583B8}.Debug|Any CPU.ActiveCfg = Debug|Any CPU
		{586CF02D-0B40-4558-922E-7E0729A583B8}.Debug|Any CPU.Build.0 = Debug|Any CPU
		{586CF02D-0B40-4558-922E-7E0729A583B8}.Debug|x64.ActiveCfg = Debug|Any CPU
		{586CF02D-0B40-4558-922E-7E0729A583B8}.Debug|x64.Build.0 = Debug|Any CPU
		{586CF02D-0B40-4558-922E-7E0729A583B8}.Debug|x86.ActiveCfg = Debug|Any CPU
		{586CF02D-0B40-4558-922E-7E0729A583B8}.Debug|x86.Build.0 = Debug|Any CPU
		{586CF02D-0B40-4558-922E-7E0729A583B8}.Release|Any CPU.ActiveCfg = Release|Any CPU
		{586CF02D-0B40-4558-922E-7E0729A583B8}.Release|Any CPU.Build.0 = Release|Any CPU
		{586CF02D-0B40-4558-922E-7E0729A583B8}.Release|x64.ActiveCfg = Release|Any CPU
		{586CF02D-0B40-4558-922E-7E0729A583B8}.Release|x64.Build.0 = Release|Any CPU
		{586CF02D-0B40-4558-922E-7E0729A583B8}.Release|x86.ActiveCfg = Release|Any CPU
		{586CF02D-0B40-4558-922E-7E0729A583B8}.Release|x86.Build.0 = Release|Any CPU
		{7755DC46-4321-4C89-BA19-062817D61B62}.Debug|Any CPU.ActiveCfg = Debug|Any CPU
		{7755DC46-4321-4C89-BA19-062817D61B62}.Debug|Any CPU.Build.0 = Debug|Any CPU
		{7755DC46-4321-4C89-BA19-062817D61B62}.Debug|x64.ActiveCfg = Debug|Any CPU
		{7755DC46-4321-4C89-BA19-062817D61B62}.Debug|x64.Build.0 = Debug|Any CPU
		{7755DC46-4321-4C89-BA19-062817D61B62}.Debug|x86.ActiveCfg = Debug|Any CPU
		{7755DC46-4321-4C89-BA19-062817D61B62}.Debug|x86.Build.0 = Debug|Any CPU
		{7755DC46-4321-4C89-BA19-062817D61B62}.Release|Any CPU.ActiveCfg = Release|Any CPU
		{7755DC46-4321-4C89-BA19-062817D61B62}.Release|Any CPU.Build.0 = Release|Any CPU
		{7755DC46-4321-4C89-BA19-062817D61B62}.Release|x64.ActiveCfg = Release|Any CPU
		{7755DC46-4321-4C89-BA19-062817D61B62}.Release|x64.Build.0 = Release|Any CPU
		{7755DC46-4321-4C89-BA19-062817D61B62}.Release|x86.ActiveCfg = Release|Any CPU
		{7755DC46-4321-4C89-BA19-062817D61B62}.Release|x86.Build.0 = Release|Any CPU
		{DD4626CF-D348-4F21-9F2D-D932BE63EB43}.Debug|Any CPU.ActiveCfg = Debug|Any CPU
		{DD4626CF-D348-4F21-9F2D-D932BE63EB43}.Debug|Any CPU.Build.0 = Debug|Any CPU
		{DD4626CF-D348-4F21-9F2D-D932BE63EB43}.Debug|x64.ActiveCfg = Debug|Any CPU
		{DD4626CF-D348-4F21-9F2D-D932BE63EB43}.Debug|x64.Build.0 = Debug|Any CPU
		{DD4626CF-D348-4F21-9F2D-D932BE63EB43}.Debug|x86.ActiveCfg = Debug|Any CPU
		{DD4626CF-D348-4F21-9F2D-D932BE63EB43}.Debug|x86.Build.0 = Debug|Any CPU
		{DD4626CF-D348-4F21-9F2D-D932BE63EB43}.Release|Any CPU.ActiveCfg = Release|Any CPU
		{DD4626CF-D348-4F21-9F2D-D932BE63EB43}.Release|Any CPU.Build.0 = Release|Any CPU
		{DD4626CF-D348-4F21-9F2D-D932BE63EB43}.Release|x64.ActiveCfg = Release|Any CPU
		{DD4626CF-D348-4F21-9F2D-D932BE63EB43}.Release|x64.Build.0 = Release|Any CPU
		{DD4626CF-D348-4F21-9F2D-D932BE63EB43}.Release|x86.ActiveCfg = Release|Any CPU
		{DD4626CF-D348-4F21-9F2D-D932BE63EB43}.Release|x86.Build.0 = Release|Any CPU
		{552413BD-5AEC-483E-86B0-93AE76AB7C8B}.Debug|Any CPU.ActiveCfg = Debug|Any CPU
		{552413BD-5AEC-483E-86B0-93AE76AB7C8B}.Debug|Any CPU.Build.0 = Debug|Any CPU
		{552413BD-5AEC-483E-86B0-93AE76AB7C8B}.Debug|x64.ActiveCfg = Debug|Any CPU
		{552413BD-5AEC-483E-86B0-93AE76AB7C8B}.Debug|x64.Build.0 = Debug|Any CPU
		{552413BD-5AEC-483E-86B0-93AE76AB7C8B}.Debug|x86.ActiveCfg = Debug|Any CPU
		{552413BD-5AEC-483E-86B0-93AE76AB7C8B}.Debug|x86.Build.0 = Debug|Any CPU
		{552413BD-5AEC-483E-86B0-93AE76AB7C8B}.Release|Any CPU.ActiveCfg = Release|Any CPU
		{552413BD-5AEC-483E-86B0-93AE76AB7C8B}.Release|Any CPU.Build.0 = Release|Any CPU
		{552413BD-5AEC-483E-86B0-93AE76AB7C8B}.Release|x64.ActiveCfg = Release|Any CPU
		{552413BD-5AEC-483E-86B0-93AE76AB7C8B}.Release|x64.Build.0 = Release|Any CPU
		{552413BD-5AEC-483E-86B0-93AE76AB7C8B}.Release|x86.ActiveCfg = Release|Any CPU
		{552413BD-5AEC-483E-86B0-93AE76AB7C8B}.Release|x86.Build.0 = Release|Any CPU
		{64B69BA4-9AB2-4A00-8B26-B5787A08F953}.Debug|Any CPU.ActiveCfg = Debug|Any CPU
		{64B69BA4-9AB2-4A00-8B26-B5787A08F953}.Debug|Any CPU.Build.0 = Debug|Any CPU
		{64B69BA4-9AB2-4A00-8B26-B5787A08F953}.Debug|x64.ActiveCfg = Debug|Any CPU
		{64B69BA4-9AB2-4A00-8B26-B5787A08F953}.Debug|x64.Build.0 = Debug|Any CPU
		{64B69BA4-9AB2-4A00-8B26-B5787A08F953}.Debug|x86.ActiveCfg = Debug|Any CPU
		{64B69BA4-9AB2-4A00-8B26-B5787A08F953}.Debug|x86.Build.0 = Debug|Any CPU
		{64B69BA4-9AB2-4A00-8B26-B5787A08F953}.Release|Any CPU.ActiveCfg = Release|Any CPU
		{64B69BA4-9AB2-4A00-8B26-B5787A08F953}.Release|Any CPU.Build.0 = Release|Any CPU
		{64B69BA4-9AB2-4A00-8B26-B5787A08F953}.Release|x64.ActiveCfg = Release|Any CPU
		{64B69BA4-9AB2-4A00-8B26-B5787A08F953}.Release|x64.Build.0 = Release|Any CPU
		{64B69BA4-9AB2-4A00-8B26-B5787A08F953}.Release|x86.ActiveCfg = Release|Any CPU
		{64B69BA4-9AB2-4A00-8B26-B5787A08F953}.Release|x86.Build.0 = Release|Any CPU
		{E67D258A-3B82-43CE-A31D-FC0CF318D0FC}.Debug|Any CPU.ActiveCfg = Debug|Any CPU
		{E67D258A-3B82-43CE-A31D-FC0CF318D0FC}.Debug|Any CPU.Build.0 = Debug|Any CPU
		{E67D258A-3B82-43CE-A31D-FC0CF318D0FC}.Debug|x64.ActiveCfg = Debug|Any CPU
		{E67D258A-3B82-43CE-A31D-FC0CF318D0FC}.Debug|x64.Build.0 = Debug|Any CPU
		{E67D258A-3B82-43CE-A31D-FC0CF318D0FC}.Debug|x86.ActiveCfg = Debug|Any CPU
		{E67D258A-3B82-43CE-A31D-FC0CF318D0FC}.Debug|x86.Build.0 = Debug|Any CPU
		{E67D258A-3B82-43CE-A31D-FC0CF318D0FC}.Release|Any CPU.ActiveCfg = Release|Any CPU
		{E67D258A-3B82-43CE-A31D-FC0CF318D0FC}.Release|Any CPU.Build.0 = Release|Any CPU
		{E67D258A-3B82-43CE-A31D-FC0CF318D0FC}.Release|x64.ActiveCfg = Release|Any CPU
		{E67D258A-3B82-43CE-A31D-FC0CF318D0FC}.Release|x64.Build.0 = Release|Any CPU
		{E67D258A-3B82-43CE-A31D-FC0CF318D0FC}.Release|x86.ActiveCfg = Release|Any CPU
		{E67D258A-3B82-43CE-A31D-FC0CF318D0FC}.Release|x86.Build.0 = Release|Any CPU
	EndGlobalSection
	GlobalSection(SolutionProperties) = preSolution
		HideSolutionNode = FALSE
	EndGlobalSection
	GlobalSection(NestedProjects) = preSolution
		{586CF02D-0B40-4558-922E-7E0729A583B8} = {827E0CD3-B72D-47B6-A68D-7590B98EB39B}
		{7755DC46-4321-4C89-BA19-062817D61B62} = {827E0CD3-B72D-47B6-A68D-7590B98EB39B}
		{DD4626CF-D348-4F21-9F2D-D932BE63EB43} = {827E0CD3-B72D-47B6-A68D-7590B98EB39B}
		{552413BD-5AEC-483E-86B0-93AE76AB7C8B} = {827E0CD3-B72D-47B6-A68D-7590B98EB39B}
		{64B69BA4-9AB2-4A00-8B26-B5787A08F953} = {0AB3BF05-4346-4AA6-1389-037BE0695223}
		{E67D258A-3B82-43CE-A31D-FC0CF318D0FC} = {0AB3BF05-4346-4AA6-1389-037BE0695223}
	EndGlobalSection
EndGlobal
